{
  "name": "@nlabs/utils",
  "version": "1.4.0",
  "lockfileVersion": 1,
  "requires": true,
  "dependencies": {
    "@jest/types": {
      "version": "26.6.2",
      "resolved": "https://registry.npmjs.org/@jest/types/-/types-26.6.2.tgz",
      "integrity": "sha512-fC6QCp7Sc5sX6g8Tvbmj4XUTbyrik0akgRy03yjXbQaBWWNWGE7SGtJk98m0N8nzegD/7SggrUlivxo5ax4KWQ==",
      "dev": true,
      "requires": {
        "@types/istanbul-lib-coverage": "^2.0.0",
        "@types/istanbul-reports": "^3.0.0",
        "@types/node": "*",
        "@types/yargs": "^15.0.0",
        "chalk": "^4.0.0"
      }
    },
    "@nlabs/fetch-mock": {
      "version": "0.3.1",
      "resolved": "https://registry.npmjs.org/@nlabs/fetch-mock/-/fetch-mock-0.3.1.tgz",
      "integrity": "sha1-7LYyr0uXpCFcq3EvHymQtq7gyPk=",
      "requires": {
        "fetch-everywhere": "^1.0.5",
        "glob-to-regexp": "^0.4.0",
        "lodash": "^4.17.10",
        "path-to-regexp": "^2.2.1"
      }
    },
    "@types/istanbul-lib-coverage": {
      "version": "2.0.3",
      "resolved": "https://registry.npmjs.org/@types/istanbul-lib-coverage/-/istanbul-lib-coverage-2.0.3.tgz",
      "integrity": "sha512-sz7iLqvVUg1gIedBOvlkxPlc8/uVzyS5OwGz1cKjXzkl3FpL3al0crU8YGU1WoHkxn0Wxbw5tyi6hvzJKNzFsw==",
      "dev": true
    },
    "@types/istanbul-lib-report": {
      "version": "3.0.0",
      "resolved": "https://registry.npmjs.org/@types/istanbul-lib-report/-/istanbul-lib-report-3.0.0.tgz",
      "integrity": "sha512-plGgXAPfVKFoYfa9NpYDAkseG+g6Jr294RqeqcqDixSbU34MZVJRi/P+7Y8GDpzkEwLaGZZOpKIEmeVZNtKsrg==",
      "dev": true,
      "requires": {
        "@types/istanbul-lib-coverage": "*"
      }
    },
    "@types/istanbul-reports": {
      "version": "3.0.0",
      "resolved": "https://registry.npmjs.org/@types/istanbul-reports/-/istanbul-reports-3.0.0.tgz",
      "integrity": "sha512-nwKNbvnwJ2/mndE9ItP/zc2TCzw6uuodnF4EHYWD+gCQDVBuRQL5UzbZD0/ezy1iKsFU2ZQiDqg4M9dN4+wZgA==",
      "dev": true,
      "requires": {
        "@types/istanbul-lib-report": "*"
      }
    },
    "@types/jest": {
      "version": "26.0.22",
      "resolved": "https://registry.npmjs.org/@types/jest/-/jest-26.0.22.tgz",
      "integrity": "sha512-eeWwWjlqxvBxc4oQdkueW5OF/gtfSceKk4OnOAGlUSwS/liBRtZppbJuz1YkgbrbfGOoeBHun9fOvXnjNwrSOw==",
      "dev": true,
      "requires": {
        "jest-diff": "^26.0.0",
        "pretty-format": "^26.0.0"
      }
    },
    "@types/luxon": {
      "version": "1.26.2",
      "resolved": "https://registry.npmjs.org/@types/luxon/-/luxon-1.26.2.tgz",
      "integrity": "sha512-2pvzy4LuxBMBBLAbml6PDcJPiIeZQ0Hqj3PE31IxkNI250qeoRMDovTrHXeDkIL4auvtarSdpTkLHs+st43EYQ==",
      "dev": true
    },
    "@types/node": {
      "version": "14.14.37",
      "resolved": "https://registry.npmjs.org/@types/node/-/node-14.14.37.tgz",
      "integrity": "sha512-XYmBiy+ohOR4Lh5jE379fV2IU+6Jn4g5qASinhitfyO71b/sCo6MKsMLF5tc7Zf2CE8hViVQyYSobJNke8OvUw==",
      "dev": true
    },
    "@types/yargs": {
      "version": "15.0.13",
      "resolved": "https://registry.npmjs.org/@types/yargs/-/yargs-15.0.13.tgz",
      "integrity": "sha512-kQ5JNTrbDv3Rp5X2n/iUu37IJBDU2gsZ5R/g1/KHOOEc5IKfUFjXT6DENPGduh08I/pamwtEq4oul7gUqKTQDQ==",
      "dev": true,
      "requires": {
        "@types/yargs-parser": "*"
      }
    },
    "@types/yargs-parser": {
      "version": "20.2.0",
      "resolved": "https://registry.npmjs.org/@types/yargs-parser/-/yargs-parser-20.2.0.tgz",
      "integrity": "sha512-37RSHht+gzzgYeobbG+KWryeAW8J33Nhr69cjTqSYymXVZEN9NbRYWoYlRtDhHKPVT1FyNKwaTPC1NynKZpzRA==",
      "dev": true
    },
    "ansi-regex": {
      "version": "5.0.0",
      "resolved": "https://registry.npmjs.org/ansi-regex/-/ansi-regex-5.0.0.tgz",
      "integrity": "sha512-bY6fj56OUQ0hU1KjFNDQuJFezqKdrAyFdIevADiqrWHwSlbmBNMHp5ak2f40Pm8JTFyM2mqxkG6ngkHO11f/lg==",
      "dev": true
    },
    "ansi-styles": {
      "version": "4.3.0",
      "resolved": "https://registry.npmjs.org/ansi-styles/-/ansi-styles-4.3.0.tgz",
      "integrity": "sha512-zbB9rCJAT1rbjiVDb2hqKFHNYLxgtk8NURxZ3IZwD3F6NtxbXZQCnnSi1Lkx+IDohdPlFp222wVALIheZJQSEg==",
      "dev": true,
      "requires": {
        "color-convert": "^2.0.1"
      }
    },
    "chalk": {
      "version": "4.1.0",
      "resolved": "https://registry.npmjs.org/chalk/-/chalk-4.1.0.tgz",
      "integrity": "sha512-qwx12AxXe2Q5xQ43Ac//I6v5aXTipYrSESdOgzrN+9XjgEpyjpKuvSGaN4qE93f7TQTlerQQ8S+EQ0EyDoVL1A==",
      "dev": true,
      "requires": {
        "ansi-styles": "^4.1.0",
        "supports-color": "^7.1.0"
      }
    },
    "color-convert": {
      "version": "2.0.1",
      "resolved": "https://registry.npmjs.org/color-convert/-/color-convert-2.0.1.tgz",
      "integrity": "sha512-RRECPsj7iu/xb5oKYcsFHSppFNnsj/52OVTRKb4zP5onXwVF3zVmmToNcOfGC+CRDpfK/U584fMg38ZHCaElKQ==",
      "dev": true,
      "requires": {
        "color-name": "~1.1.4"
      }
    },
    "color-name": {
      "version": "1.1.4",
      "resolved": "https://registry.npmjs.org/color-name/-/color-name-1.1.4.tgz",
      "integrity": "sha512-dOy+3AuW3a2wNbZHIuMZpTcgjGuLU/uBL/ubcZF9OXbDo8ff4O8yVp5Bf0efS8uEoYo5q4Fx7dY9OgQGXgAsQA==",
      "dev": true
    },
    "diff-sequences": {
      "version": "26.6.2",
      "resolved": "https://registry.npmjs.org/diff-sequences/-/diff-sequences-26.6.2.tgz",
      "integrity": "sha512-Mv/TDa3nZ9sbc5soK+OoA74BsS3mL37yixCvUAQkiuA4Wz6YtwP/K47n2rv2ovzHZvoiQeA5FTQOschKkEwB0Q==",
      "dev": true
    },
    "encoding": {
      "version": "0.1.12",
      "resolved": "https://registry.npmjs.org/encoding/-/encoding-0.1.12.tgz",
      "integrity": "sha1-U4tm8+5izRq1HsMjgp0flIDHS+s=",
      "requires": {
        "iconv-lite": "~0.4.13"
      }
    },
    "es6-promise": {
      "version": "4.2.6",
      "resolved": "https://registry.npmjs.org/es6-promise/-/es6-promise-4.2.6.tgz",
      "integrity": "sha512-aRVgGdnmW2OiySVPUC9e6m+plolMAJKjZnQlCwNSuK5yQ0JN61DZSO1X1Ufd1foqWRAlig0rhduTCHe7sVtK5Q=="
    },
    "fetch-everywhere": {
      "version": "1.0.5",
      "resolved": "https://registry.npmjs.org/fetch-everywhere/-/fetch-everywhere-1.0.5.tgz",
      "integrity": "sha1-skl/R6V9kCazkHwJdWrPX0vTTos=",
      "requires": {
        "node-fetch": "^1.0.1",
        "whatwg-fetch": ">=0.10.0"
      }
    },
    "glob-to-regexp": {
      "version": "0.4.0",
      "resolved": "https://registry.npmjs.org/glob-to-regexp/-/glob-to-regexp-0.4.0.tgz",
      "integrity": "sha512-fyPCII4vn9Gvjq2U/oDAfP433aiE64cyP/CJjRJcpVGjqqNdioUYn9+r0cSzT1XPwmGAHuTT7iv+rQT8u/YHKQ=="
    },
    "google-libphonenumber": {
      "version": "3.2.19",
      "resolved": "https://registry.npmjs.org/google-libphonenumber/-/google-libphonenumber-3.2.19.tgz",
      "integrity": "sha512-zevRvpUuc88wIXa+ijlMprAc8SrldUtYY2vQpfymmxyZ2ksct6gFrGxccpo28+zjvjK51VoSUaDUHS24XYp6dA=="
    },
    "has-flag": {
      "version": "4.0.0",
      "resolved": "https://registry.npmjs.org/has-flag/-/has-flag-4.0.0.tgz",
      "integrity": "sha512-EykJT/Q1KjTWctppgIAgfSO0tKVuZUjhgMr17kqTumMl6Afv3EISleU7qZUzoXDFTAHTDC4NOoG/ZxU3EvlMPQ==",
      "dev": true
    },
    "haversine": {
      "version": "1.1.1",
      "resolved": "https://registry.npmjs.org/haversine/-/haversine-1.1.1.tgz",
      "integrity": "sha512-KW4MS8+krLIeiw8bF5z532CptG0ZyGGFj0UbKMxx25lKnnJ1hMUbuzQl+PXQjNiDLnl1bOyz23U6hSK10r4guw=="
    },
    "iconv-lite": {
      "version": "0.4.24",
      "resolved": "https://registry.npmjs.org/iconv-lite/-/iconv-lite-0.4.24.tgz",
      "integrity": "sha512-v3MXnZAcvnywkTUEZomIActle7RXXeedOR31wwl7VlyoXO4Qi9arvSenNQWne1TcRwhCL1HwLI21bEqdpj8/rA==",
      "requires": {
        "safer-buffer": ">= 2.1.2 < 3"
      }
    },
    "immutable": {
      "version": "3.8.2",
      "resolved": "https://registry.npmjs.org/immutable/-/immutable-3.8.2.tgz",
      "integrity": "sha1-wkOZUUVbs5kT2vKBN28VMOEErfM="
    },
    "is-stream": {
      "version": "1.1.0",
      "resolved": "https://registry.npmjs.org/is-stream/-/is-stream-1.1.0.tgz",
      "integrity": "sha1-EtSj3U5o4Lec6428hBc66A2RykQ="
    },
    "jest-diff": {
      "version": "26.6.2",
      "resolved": "https://registry.npmjs.org/jest-diff/-/jest-diff-26.6.2.tgz",
      "integrity": "sha512-6m+9Z3Gv9wN0WFVasqjCL/06+EFCMTqDEUl/b87HYK2rAPTyfz4ZIuSlPhY51PIQRWx5TaxeF1qmXKe9gfN3sA==",
      "dev": true,
      "requires": {
        "chalk": "^4.0.0",
        "diff-sequences": "^26.6.2",
        "jest-get-type": "^26.3.0",
        "pretty-format": "^26.6.2"
      }
    },
    "jest-get-type": {
      "version": "26.3.0",
      "resolved": "https://registry.npmjs.org/jest-get-type/-/jest-get-type-26.3.0.tgz",
      "integrity": "sha512-TpfaviN1R2pQWkIihlfEanwOXK0zcxrKEE4MlU6Tn7keoXdN6/3gK/xl0yEh8DOunn5pOVGKf8hB4R9gVh04ig==",
      "dev": true
    },
    "lodash": {
      "version": "4.17.21",
      "resolved": "https://registry.npmjs.org/lodash/-/lodash-4.17.21.tgz",
      "integrity": "sha512-v2kDEe57lecTulaDIuNTPy3Ry4gLGJ6Z1O3vE1krgXZNrsQ+LFTGHVxVjcXPs17LhbZVGedAJv8XZ1tvj5FvSg=="
    },
    "luxon": {
      "version": "1.26.0",
      "resolved": "https://registry.npmjs.org/luxon/-/luxon-1.26.0.tgz",
      "integrity": "sha512-+V5QIQ5f6CDXQpWNICELwjwuHdqeJM1UenlZWx5ujcRMc9venvluCjFb4t5NYLhb6IhkbMVOxzVuOqkgMxee2A=="
    },
    "node-fetch": {
      "version": "1.7.3",
      "resolved": "https://registry.npmjs.org/node-fetch/-/node-fetch-1.7.3.tgz",
      "integrity": "sha512-NhZ4CsKx7cYm2vSrBAr2PvFOe6sWDf0UYLRqA6svUYg7+/TSfVAu49jYC4BvQ4Sms9SZgdqGBgroqfDhJdTyKQ==",
      "requires": {
        "encoding": "^0.1.11",
        "is-stream": "^1.0.1"
      }
    },
    "numeral": {
      "version": "2.0.6",
      "resolved": "https://registry.npmjs.org/numeral/-/numeral-2.0.6.tgz",
      "integrity": "sha1-StCAk21EPCVhrtnyGX7//iX05QY="
    },
    "path-to-regexp": {
      "version": "2.4.0",
      "resolved": "https://registry.npmjs.org/path-to-regexp/-/path-to-regexp-2.4.0.tgz",
      "integrity": "sha512-G6zHoVqC6GGTQkZwF4lkuEyMbVOjoBKAEybQUypI1WTkqinCOrq2x6U2+phkJ1XsEMTy4LjtwPI7HW+NVrRR2w=="
    },
    "pretty-format": {
      "version": "26.6.2",
      "resolved": "https://registry.npmjs.org/pretty-format/-/pretty-format-26.6.2.tgz",
      "integrity": "sha512-7AeGuCYNGmycyQbCqd/3PWH4eOoX/OiCa0uphp57NVTeAGdJGaAliecxwBDHYQCIvrW7aDBZCYeNTP/WX69mkg==",
      "dev": true,
      "requires": {
        "@jest/types": "^26.6.2",
        "ansi-regex": "^5.0.0",
        "ansi-styles": "^4.0.0",
        "react-is": "^17.0.1"
      }
    },
    "react-is": {
      "version": "17.0.2",
      "resolved": "https://registry.npmjs.org/react-is/-/react-is-17.0.2.tgz",
      "integrity": "sha512-w2GsyukL62IJnlaff/nRegPQR94C/XXamvMWmSHRJ4y7Ts/4ocGRmTHvOs8PSE6pB3dWOrD/nueuU5sduBsQ4w==",
      "dev": true
    },
    "rip-hunter": {
      "version": "1.3.3",
      "resolved": "https://registry.npmjs.org/rip-hunter/-/rip-hunter-1.3.3.tgz",
      "integrity": "sha1-FUHcO+pLdgXxZc8jek2qTJZxSqM=",
      "requires": {
        "@nlabs/fetch-mock": "^0.3.0",
        "es6-promise": "^4.2.4",
        "fetch-everywhere": "^1.0.5",
        "immutable": "^3.8.2",
        "lodash": "^4.17.4"
      }
    },
    "safer-buffer": {
      "version": "2.1.2",
      "resolved": "https://registry.npmjs.org/safer-buffer/-/safer-buffer-2.1.2.tgz",
      "integrity": "sha512-YZo3K82SD7Riyi0E1EQPojLz7kpepnSQI9IyPbHHg1XXXevb5dJI7tpyN2ADxGcQbHG7vcyRHk0cbwqcQriUtg=="
    },
    "supports-color": {
      "version": "7.2.0",
      "resolved": "https://registry.npmjs.org/supports-color/-/supports-color-7.2.0.tgz",
      "integrity": "sha512-qpCAvRl9stuOHveKsn7HncJRvv501qIacKzQlO/+Lwxc9+0q2wLyv4Dfvt80/DPn2pqOBsJdDiogXGR9+OvwRw==",
      "dev": true,
      "requires": {
        "has-flag": "^4.0.0"
      }
    },
    "whatwg-fetch": {
      "version": "3.0.0",
      "resolved": "https://registry.npmjs.org/whatwg-fetch/-/whatwg-fetch-3.0.0.tgz",
      "integrity": "sha512-9GSJUgz1D4MfyKU7KRqwOjXCXTqWdFNvEr7eUBYchQiVc744mqK/MzXPNR2WsPkmkOa4ywfg8C2n8h+13Bey1Q=="
    }
  }
}
