# THIS IS AN AUTOGENERATED FILE. DO NOT EDIT THIS FILE DIRECTLY.
# yarn lockfile v1


"@nlabs/fetch-mock@^0.3.0":
  version "0.3.1"
  resolved "https://registry.yarnpkg.com/@nlabs/fetch-mock/-/fetch-mock-0.3.1.tgz#ecb632af4b97a4215cab712f1f2990b6aee0c8f9"
  dependencies:
    fetch-everywhere "^1.0.5"
    glob-to-regexp "^0.4.0"
    lodash "^4.17.10"
    path-to-regexp "^2.2.1"

"@types/jest@^23.3.13":
  version "23.3.13"
  resolved "https://registry.yarnpkg.com/@types/jest/-/jest-23.3.13.tgz#c81484b6f4ca007bb09887ed15ecb3286d58f928"
  integrity sha512-ePl4l+7dLLmCucIwgQHAgjiepY++qcI6nb8eAwGNkB6OxmTe3Z9rQU3rSpomqu42PCCnlThZbOoxsf+qylJsLA==

"@types/luxon@^1.4.2":
  version "1.4.2"
  resolved "https://registry.yarnpkg.com/@types/luxon/-/luxon-1.4.2.tgz#996b90d6a40977a9f856b3e22aefcec6a8fd66d0"
  integrity sha512-YOJd6g4YR1UMPuY+P15WEKEsMjk+rS63J8zQZ7dvoXE3QlUQ7IsYVnZjvIhyXkjHlTqqb8xcd3VBgAeRXBOSOA==

"@types/node@^10.12.18":
  version "10.12.18"
  resolved "https://registry.yarnpkg.com/@types/node/-/node-10.12.18.tgz#1d3ca764718915584fcd9f6344621b7672665c67"
  integrity sha512-fh+pAqt4xRzPfqA6eh3Z2y6fyZavRIumvjhaCL753+TVkGKGhpPeyrJG2JftD0T9q4GF00KjefsQ+PQNDdWQaQ==

encoding@^0.1.11:
  version "0.1.12"
  resolved "https://registry.yarnpkg.com/encoding/-/encoding-0.1.12.tgz#538b66f3ee62cd1ab51ec323829d1f9480c74beb"
  dependencies:
    iconv-lite "~0.4.13"

es6-promise@^4.2.4:
  version "4.2.4"
  resolved "https://registry.yarnpkg.com/es6-promise/-/es6-promise-4.2.4.tgz#dc4221c2b16518760bd8c39a52d8f356fc00ed29"

fetch-everywhere@^1.0.5:
  version "1.0.5"
  resolved "https://registry.yarnpkg.com/fetch-everywhere/-/fetch-everywhere-1.0.5.tgz#b2497f47a57d9026b3907c09756acf5f4bd34e8b"
  dependencies:
    node-fetch "^1.0.1"
    whatwg-fetch ">=0.10.0"

glob-to-regexp@^0.4.0:
  version "0.4.0"
  resolved "https://registry.yarnpkg.com/glob-to-regexp/-/glob-to-regexp-0.4.0.tgz#49bd677b1671022bd10921c3788f23cdebf9c7e6"

google-libphonenumber@^3.2.2:
  version "3.2.2"
  resolved "https://registry.yarnpkg.com/google-libphonenumber/-/google-libphonenumber-3.2.2.tgz#3d9d7ba727e99a50812f21b0ed313723b76c5c54"
  integrity sha512-ubjGeosYPeusjYbUHy76lCniGTTI0k1rIFc+uKBX+jHQLDmWOSUtlFUxaeoLJ+Y+PAMM6dWp+C1HjHx5BI8kEw==

haversine@^1.1.1:
  version "1.1.1"
  resolved "https://registry.yarnpkg.com/haversine/-/haversine-1.1.1.tgz#05b65e0445aca8f217b0db56877e4d637d3fc8ae"
  integrity sha512-KW4MS8+krLIeiw8bF5z532CptG0ZyGGFj0UbKMxx25lKnnJ1hMUbuzQl+PXQjNiDLnl1bOyz23U6hSK10r4guw==

iconv-lite@~0.4.13:
  version "0.4.23"
  resolved "https://registry.yarnpkg.com/iconv-lite/-/iconv-lite-0.4.23.tgz#297871f63be507adcfbfca715d0cd0eed84e9a63"
  dependencies:
    safer-buffer ">= 2.1.2 < 3"

immutable@^3.8.2:
  version "3.8.2"
  resolved "https://registry.yarnpkg.com/immutable/-/immutable-3.8.2.tgz#c2439951455bb39913daf281376f1530e104adf3"

is-stream@^1.0.1:
  version "1.1.0"
  resolved "https://registry.yarnpkg.com/is-stream/-/is-stream-1.1.0.tgz#12d4a3dd4e68e0b79ceb8dbc84173ae80d91ca44"

lodash@^4.17.10, lodash@^4.17.4:
  version "4.17.10"
  resolved "https://registry.yarnpkg.com/lodash/-/lodash-4.17.10.tgz#1b7793cf7259ea38fb3661d4d38b3260af8ae4e7"

lodash@^4.17.11:
  version "4.17.11"
  resolved "https://registry.yarnpkg.com/lodash/-/lodash-4.17.11.tgz#b39ea6229ef607ecd89e2c8df12536891cac9b8d"

luxon@^1.10.0:
  version "1.10.0"
  resolved "https://registry.yarnpkg.com/luxon/-/luxon-1.10.0.tgz#335b55e2fed50e09f869aee828897a3f67c7044e"
  integrity sha512-ry3GKh//v3isD6oJN5pFWmdh+3GiScwv9q8VgG6fZ2j1guGOol2vVVdo4GBAWCrcq5RHOqSeipqHBnOu/u024Q==

node-fetch@^1.0.1:
  version "1.7.3"
  resolved "https://registry.yarnpkg.com/node-fetch/-/node-fetch-1.7.3.tgz#980f6f72d85211a5347c6b2bc18c5b84c3eb47ef"
  dependencies:
    encoding "^0.1.11"
    is-stream "^1.0.1"

numeral@^2.0.6:
  version "2.0.6"
  resolved "https://registry.yarnpkg.com/numeral/-/numeral-2.0.6.tgz#4ad080936d443c2561aed9f2197efffe25f4e506"

path-to-regexp@^2.2.1:
  version "2.2.1"
  resolved "https://registry.yarnpkg.com/path-to-regexp/-/path-to-regexp-2.2.1.tgz#90b617025a16381a879bc82a38d4e8bdeb2bcf45"

rip-hunter@^1.3.3:
  version "1.3.3"
  resolved "https://registry.yarnpkg.com/rip-hunter/-/rip-hunter-1.3.3.tgz#1541dc3bea4b7605f165cf237a4daa4c96714aa3"
  dependencies:
    "@nlabs/fetch-mock" "^0.3.0"
    es6-promise "^4.2.4"
    fetch-everywhere "^1.0.5"
    immutable "^3.8.2"
    lodash "^4.17.4"

"safer-buffer@>= 2.1.2 < 3":
  version "2.1.2"
  resolved "https://registry.yarnpkg.com/safer-buffer/-/safer-buffer-2.1.2.tgz#44fa161b0187b9549dd84bb91802f9bd8385cd6a"

whatwg-fetch@>=0.10.0:
  version "2.0.4"
  resolved "https://registry.yarnpkg.com/whatwg-fetch/-/whatwg-fetch-2.0.4.tgz#dde6a5df315f9d39991aa17621853d720b85566f"
